
Microsoft Visual Studio Solution File, Format Version 12.00
# Visual Studio Version 17
VisualStudioVersion = 17.4.33205.214
MinimumVisualStudioVersion = 10.0.40219.1
Project("{9A19103F-16F7-4668-BE54-9A1E7A4F7556}") = "ST.webAPI", "ST.webAPI\ST.webAPI.csproj", "{7B52F1B5-3F68-44C4-AFB3-CCD080B4A7F3}"
EndProject
Project("{9A19103F-16F7-4668-BE54-9A1E7A4F7556}") = "WebSite", "WebSite\WebSite.csproj", "{2E67D1AD-0C65-41D0-8AE4-8FFCF6F27B4E}"
EndProject
Global
	GlobalSection(SolutionConfigurationPlatforms) = preSolution
		Debug|Any CPU = Debug|Any CPU
		Release|Any CPU = Release|Any CPU
	EndGlobalSection
	GlobalSection(ProjectConfigurationPlatforms) = postSolution
		{7B52F1B5-3F68-44C4-AFB3-CCD080B4A7F3}.Debug|Any CPU.ActiveCfg = Debug|Any CPU
		{7B52F1B5-3F68-44C4-AFB3-CCD080B4A7F3}.Debug|Any CPU.Build.0 = Debug|Any CPU
		{7B52F1B5-3F68-44C4-AFB3-CCD080B4A7F3}.Release|Any CPU.ActiveCfg = Release|Any CPU
		{7B52F1B5-3F68-44C4-AFB3-CCD080B4A7F3}.Release|Any CPU.Build.0 = Release|Any CPU
		{2E67D1AD-0C65-41D0-8AE4-8FFCF6F27B4E}.Debug|Any CPU.ActiveCfg = Debug|Any CPU
		{2E67D1AD-0C65-41D0-8AE4-8FFCF6F27B4E}.Debug|Any CPU.Build.0 = Debug|Any CPU
		{2E67D1AD-0C65-41D0-8AE4-8FFCF6F27B4E}.Release|Any CPU.ActiveCfg = Release|Any CPU
		{2E67D1AD-0C65-41D0-8AE4-8FFCF6F27B4E}.Release|Any CPU.Build.0 = Release|Any CPU
	EndGlobalSection
	GlobalSection(SolutionProperties) = preSolution
		HideSolutionNode = FALSE
	EndGlobalSection
	GlobalSection(ExtensibilityGlobals) = postSolution
		SolutionGuid = {B7D70EE8-B40C-4FF7-AB45-BA4C923DC602}
	EndGlobalSection
EndGlobal
